
Microsoft Visual Studio Solution File, Format Version 12.00
# Visual Studio Version 17
VisualStudioVersion = 17.0.32112.339
MinimumVisualStudioVersion = 10.0.40219.1
Project("{FAE04EC0-301F-11D3-BF4B-00C04F79EFBC}") = "Students", "Students\Students.csproj", "{3DC397B6-4B15-423F-B037-9E4DC0CC9813}"
EndProject
Global
	GlobalSection(SolutionConfigurationPlatforms) = preSolution
		Debug|Any CPU = Debug|Any CPU
		Release|Any CPU = Release|Any CPU
	EndGlobalSection
	GlobalSection(ProjectConfigurationPlatforms) = postSolution
		{3DC397B6-4B15-423F-B037-9E4DC0CC9813}.Debug|Any CPU.ActiveCfg = Debug|Any CPU
		{3DC397B6-4B15-423F-B037-9E4DC0CC9813}.Debug|Any CPU.Build.0 = Debug|Any CPU
		{3DC397B6-4B15-423F-B037-9E4DC0CC9813}.Release|Any CPU.ActiveCfg = Release|Any CPU
		{3DC397B6-4B15-423F-B037-9E4DC0CC9813}.Release|Any CPU.Build.0 = Release|Any CPU
	EndGlobalSection
	GlobalSection(SolutionProperties) = preSolution
		HideSolutionNode = FALSE
	EndGlobalSection
	GlobalSection(ExtensibilityGlobals) = postSolution
		SolutionGuid = {A5F6D8F6-E358-41E3-93FA-97A8AC68DC37}
	EndGlobalSection
EndGlobal
